// !$*UTF8*$!
{
	archiveVersion = 1;
	classes = {
	};
	objectVersion = 50;
	objects = {

/* Begin PBXBuildFile section */
		EDE5EE8124C4DC3500CC71CA /* AppDelegate.swift in Sources */ = {isa = PBXBuildFile; fileRef = EDE5EE8024C4DC3500CC71CA /* AppDelegate.swift */; };
		EDE5EE8324C4DC3500CC71CA /* SceneDelegate.swift in Sources */ = {isa = PBXBuildFile; fileRef = EDE5EE8224C4DC3500CC71CA /* SceneDelegate.swift */; };
		EDE5EE8524C4DC3500CC71CA /* ContentView.swift in Sources */ = {isa = PBXBuildFile; fileRef = EDE5EE8424C4DC3500CC71CA /* ContentView.swift */; };
		EDE5EE8724C4DC3600CC71CA /* Assets.xcassets in Resources */ = {isa = PBXBuildFile; fileRef = EDE5EE8624C4DC3600CC71CA /* Assets.xcassets */; };
		EDE5EE8A24C4DC3600CC71CA /* Preview Assets.xcassets in Resources */ = {isa = PBXBuildFile; fileRef = EDE5EE8924C4DC3600CC71CA /* Preview Assets.xcassets */; };
		EDE5EE8D24C4DC3600CC71CA /* LaunchScreen.storyboard in Resources */ = {isa = PBXBuildFile; fileRef = EDE5EE8B24C4DC3600CC71CA /* LaunchScreen.storyboard */; };
/* End PBXBuildFile section */

/* Begin PBXFileReference section */
		EDE5EE7D24C4DC3500CC71CA /* MapDirectionsGooglePlaces.app */ = {isa = PBXFileReference; explicitFileType = wrapper.application; includeInIndex = 0; path = MapDirectionsGooglePlaces.app; sourceTree = BUILT_PRODUCTS_DIR; };
		EDE5EE8024C4DC3500CC71CA /* AppDelegate.swift */ = {isa = PBXFileReference; lastKnownFileType = sourcecode.swift; path = AppDelegate.swift; sourceTree = "<group>"; };
		EDE5EE8224C4DC3500CC71CA /* SceneDelegate.swift */ = {isa = PBXFileReference; lastKnownFileType = sourcecode.swift; path = SceneDelegate.swift; sourceTree = "<group>"; };
		EDE5EE8424C4DC3500CC71CA /* ContentView.swift */ = {isa = PBXFileReference; lastKnownFileType = sourcecode.swift; path = ContentView.swift; sourceTree = "<group>"; };
		EDE5EE8624C4DC3600CC71CA /* Assets.xcassets */ = {isa = PBXFileReference; lastKnownFileType = folder.assetcatalog; path = Assets.xcassets; sourceTree = "<group>"; };
		EDE5EE8924C4DC3600CC71CA /* Preview Assets.xcassets */ = {isa = PBXFileReference; lastKnownFileType = folder.assetcatalog; path = "Preview Assets.xcassets"; sourceTree = "<group>"; };
		EDE5EE8C24C4DC3600CC71CA /* Base */ = {isa = PBXFileReference; lastKnownFileType = file.storyboard; name = Base; path = Base.lproj/LaunchScreen.storyboard; sourceTree = "<group>"; };
		EDE5EE8E24C4DC3600CC71CA /* Info.plist */ = {isa = PBXFileReference; lastKnownFileType = text.plist.xml; path = Info.plist; sourceTree = "<group>"; };
/* End PBXFileReference section */

/* Begin PBXFrameworksBuildPhase section */
		EDE5EE7A24C4DC3500CC71CA /* Frameworks */ = {
			isa = PBXFrameworksBuildPhase;
			buildActionMask = 2147483647;
			files = (
			);
			runOnlyForDeploymentPostprocessing = 0;
		};
/* End PBXFrameworksBuildPhase section */

/* Begin PBXGroup section */
		EDE5EE7424C4DC3500CC71CA = {
			isa = PBXGroup;
			children = (
				EDE5EE7F24C4DC3500CC71CA /* MapDirectionsGooglePlaces */,
				EDE5EE7E24C4DC3500CC71CA /* Products */,
			);
			sourceTree = "<group>";
		};
		EDE5EE7E24C4DC3500CC71CA /* Products */ = {
			isa = PBXGroup;
			children = (
				EDE5EE7D24C4DC3500CC71CA /* MapDirectionsGooglePlaces.app */,
			);
			name = Products;
			sourceTree = "<group>";
		};
		EDE5EE7F24C4DC3500CC71CA /* MapDirectionsGooglePlaces */ = {
			isa = PBXGroup;
			children = (
				EDE5EE8024C4DC3500CC71CA /* AppDelegate.swift */,
				EDE5EE8224C4DC3500CC71CA /* SceneDelegate.swift */,
				EDE5EE8424C4DC3500CC71CA /* ContentView.swift */,
				EDE5EE8624C4DC3600CC71CA /* Assets.xcassets */,
				EDE5EE8B24C4DC3600CC71CA /* LaunchScreen.storyboard */,
				EDE5EE8E24C4DC3600CC71CA /* Info.plist */,
				EDE5EE8824C4DC3600CC71CA /* Preview Content */,
			);
			path = MapDirectionsGooglePlaces;
			sourceTree = "<group>";
		};
		EDE5EE8824C4DC3600CC71CA /* Preview Content */ = {
			isa = PBXGroup;
			children = (
				EDE5EE8924C4DC3600CC71CA /* Preview Assets.xcassets */,
			);
			path = "Preview Content";
			sourceTree = "<group>";
		};
/* End PBXGroup section */

/* Begin PBXNativeTarget section */
		EDE5EE7C24C4DC3500CC71CA /* MapDirectionsGooglePlaces */ = {
			isa = PBXNativeTarget;
			buildConfigurationList = EDE5EE9124C4DC3600CC71CA /* Build configuration list for PBXNativeTarget "MapDirectionsGooglePlaces" */;
			buildPhases = (
				EDE5EE7924C4DC3500CC71CA /* Sources */,
				EDE5EE7A24C4DC3500CC71CA /* Frameworks */,
				EDE5EE7B24C4DC3500CC71CA /* Resources */,
			);
			buildRules = (
			);
			dependencies = (
			);
			name = MapDirectionsGooglePlaces;
			productName = MapDirectionsGooglePlaces;
			productReference = EDE5EE7D24C4DC3500CC71CA /* MapDirectionsGooglePlaces.app */;
			productType = "com.apple.product-type.application";
		};
/* End PBXNativeTarget section */

/* Begin PBXProject section */
		EDE5EE7524C4DC3500CC71CA /* Project object */ = {
			isa = PBXProject;
			attributes = {
				LastSwiftUpdateCheck = 1150;
				LastUpgradeCheck = 1150;
				ORGANIZATIONNAME = "Mohsen Abdollahi";
				TargetAttributes = {
					EDE5EE7C24C4DC3500CC71CA = {
						CreatedOnToolsVersion = 11.5;
					};
				};
			};
			buildConfigurationList = EDE5EE7824C4DC3500CC71CA /* Build configuration list for PBXProject "MapDirectionsGooglePlaces" */;
			compatibilityVersion = "Xcode 9.3";
			developmentRegion = en;
			hasScannedForEncodings = 0;
			knownRegions = (
				en,
				Base,
			);
			mainGroup = EDE5EE7424C4DC3500CC71CA;
			productRefGroup = EDE5EE7E24C4DC3500CC71CA /* Products */;
			projectDirPath = "";
			projectRoot = "";
			targets = (
				EDE5EE7C24C4DC3500CC71CA /* MapDirectionsGooglePlaces */,
			);
		};
/* End PBXProject section */

/* Begin PBXResourcesBuildPhase section */
		EDE5EE7B24C4DC3500CC71CA /* Resources */ = {
			isa = PBXResourcesBuildPhase;
			buildActionMask = 2147483647;
			files = (
				EDE5EE8D24C4DC3600CC71CA /* LaunchScreen.storyboard in Resources */,
				EDE5EE8A24C4DC3600CC71CA /* Preview Assets.xcassets in Resources */,
				EDE5EE8724C4DC3600CC71CA /* Assets.xcassets in Resources */,
			);
			runOnlyForDeploymentPostprocessing = 0;
		};
/* End PBXResourcesBuildPhase section */

/* Begin PBXSourcesBuildPhase section */
		EDE5EE7924C4DC3500CC71CA /* Sources */ = {
			isa = PBXSourcesBuildPhase;
			buildActionMask = 2147483647;
			files = (
				EDE5EE8124C4DC3500CC71CA /* AppDelegate.swift in Sources */,
				EDE5EE8324C4DC3500CC71CA /* SceneDelegate.swift in Sources */,
				EDE5EE8524C4DC3500CC71CA /* ContentView.swift in Sources */,
			);
			runOnlyForDeploymentPostprocessing = 0;
		};
/* End PBXSourcesBuildPhase section */

/* Begin PBXVariantGroup section */
		EDE5EE8B24C4DC3600CC71CA /* LaunchScreen.storyboard */ = {
			isa = PBXVariantGroup;
			children = (
				EDE5EE8C24C4DC3600CC71CA /* Base */,
			);
			name = LaunchScreen.storyboard;
			sourceTree = "<group>";
		};
/* End PBXVariantGroup section */

/* Begin XCBuildConfiguration section */
		EDE5EE8F24C4DC3600CC71CA /* Debug */ = {
			isa = XCBuildConfiguration;
			buildSettings = {
				ALWAYS_SEARCH_USER_PATHS = NO;
				CLANG_ANALYZER_NONNULL = YES;
				CLANG_ANALYZER_NUMBER_OBJECT_CONVERSION = YES_AGGRESSIVE;
				CLANG_CXX_LANGUAGE_STANDARD = "gnu++14";
				CLANG_CXX_LIBRARY = "libc++";
				CLANG_ENABLE_MODULES = YES;
				CLANG_ENABLE_OBJC_ARC = YES;
				CLANG_ENABLE_OBJC_WEAK = YES;
				CLANG_WARN_BLOCK_CAPTURE_AUTORELEASING = YES;
				CLANG_WARN_BOOL_CONVERSION = YES;
				CLANG_WARN_COMMA = YES;
				CLANG_WARN_CONSTANT_CONVERSION = YES;
				CLANG_WARN_DEPRECATED_OBJC_IMPLEMENTATIONS = YES;
				CLANG_WARN_DIRECT_OBJC_ISA_USAGE = YES_ERROR;
				CLANG_WARN_DOCUMENTATION_COMMENTS = YES;
				CLANG_WARN_EMPTY_BODY = YES;
				CLANG_WARN_ENUM_CONVERSION = YES;
				CLANG_WARN_INFINITE_RECURSION = YES;
				CLANG_WARN_INT_CONVERSION = YES;
				CLANG_WARN_NON_LITERAL_NULL_CONVERSION = YES;
				CLANG_WARN_OBJC_IMPLICIT_RETAIN_SELF = YES;
				CLANG_WARN_OBJC_LITERAL_CONVERSION = YES;
				CLANG_WARN_OBJC_ROOT_CLASS = YES_ERROR;
				CLANG_WARN_RANGE_LOOP_ANALYSIS = YES;
				CLANG_WARN_STRICT_PROTOTYPES = YES;
				CLANG_WARN_SUSPICIOUS_MOVE = YES;
				CLANG_WARN_UNGUARDED_AVAILABILITY = YES_AGGRESSIVE;
				CLANG_WARN_UNREACHABLE_CODE = YES;
				CLANG_WARN__DUPLICATE_METHOD_MATCH = YES;
				COPY_PHASE_STRIP = NO;
				DEBUG_INFORMATION_FORMAT = dwarf;
				ENABLE_STRICT_OBJC_MSGSEND = YES;
				ENABLE_TESTABILITY = YES;
				GCC_C_LANGUAGE_STANDARD = gnu11;
				GCC_DYNAMIC_NO_PIC = NO;
				GCC_NO_COMMON_BLOCKS = YES;
				GCC_OPTIMIZATION_LEVEL = 0;
				GCC_PREPROCESSOR_DEFINITIONS = (
					"DEBUG=1",
					"$(inherited)",
				);
				GCC_WARN_64_TO_32_BIT_CONVERSION = YES;
				GCC_WARN_ABOUT_RETURN_TYPE = YES_ERROR;
				GCC_WARN_UNDECLARED_SELECTOR = YES;
				GCC_WARN_UNINITIALIZED_AUTOS = YES_AGGRESSIVE;
				GCC_WARN_UNUSED_FUNCTION = YES;
				GCC_WARN_UNUSED_VARIABLE = YES;
				IPHONEOS_DEPLOYMENT_TARGET = 13.5;
				MTL_ENABLE_DEBUG_INFO = INCLUDE_SOURCE;
				MTL_FAST_MATH = YES;
				ONLY_ACTIVE_ARCH = YES;
				SDKROOT = iphoneos;
				SWIFT_ACTIVE_COMPILATION_CONDITIONS = DEBUG;
				SWIFT_OPTIMIZATION_LEVEL = "-Onone";
			};
			name = Debug;
		};
		EDE5EE9024C4DC3600CC71CA /* Release */ = {
			isa = XCBuildConfiguration;
			buildSettings = {
				ALWAYS_SEARCH_USER_PATHS = NO;
				CLANG_ANALYZER_NONNULL = YES;
				CLANG_ANALYZER_NUMBER_OBJECT_CONVERSION = YES_AGGRESSIVE;
				CLANG_CXX_LANGUAGE_STANDARD = "gnu++14";
				CLANG_CXX_LIBRARY = "libc++";
				CLANG_ENABLE_MODULES = YES;
				CLANG_ENABLE_OBJC_ARC = YES;
				CLANG_ENABLE_OBJC_WEAK = YES;
				CLANG_WARN_BLOCK_CAPTURE_AUTORELEASING = YES;
				CLANG_WARN_BOOL_CONVERSION = YES;
				CLANG_WARN_COMMA = YES;
				CLANG_WARN_CONSTANT_CONVERSION = YES;
				CLANG_WARN_DEPRECATED_OBJC_IMPLEMENTATIONS = YES;
				CLANG_WARN_DIRECT_OBJC_ISA_USAGE = YES_ERROR;
				CLANG_WARN_DOCUMENTATION_COMMENTS = YES;
				CLANG_WARN_EMPTY_BODY = YES;
				CLANG_WARN_ENUM_CONVERSION = YES;
				CLANG_WARN_INFINITE_RECURSION = YES;
				CLANG_WARN_INT_CONVERSION = YES;
				CLANG_WARN_NON_LITERAL_NULL_CONVERSION = YES;
				CLANG_WARN_OBJC_IMPLICIT_RETAIN_SELF = YES;
				CLANG_WARN_OBJC_LITERAL_CONVERSION = YES;
				CLANG_WARN_OBJC_ROOT_CLASS = YES_ERROR;
				CLANG_WARN_RANGE_LOOP_ANALYSIS = YES;
				CLANG_WARN_STRICT_PROTOTYPES = YES;
				CLANG_WARN_SUSPICIOUS_MOVE = YES;
				CLANG_WARN_UNGUARDED_AVAILABILITY = YES_AGGRESSIVE;
				CLANG_WARN_UNREACHABLE_CODE = YES;
				CLANG_WARN__DUPLICATE_METHOD_MATCH = YES;
				COPY_PHASE_STRIP = NO;
				DEBUG_INFORMATION_FORMAT = "dwarf-with-dsym";
				ENABLE_NS_ASSERTIONS = NO;
				ENABLE_STRICT_OBJC_MSGSEND = YES;
				GCC_C_LANGUAGE_STANDARD = gnu11;
				GCC_NO_COMMON_BLOCKS = YES;
				GCC_WARN_64_TO_32_BIT_CONVERSION = YES;
				GCC_WARN_ABOUT_RETURN_TYPE = YES_ERROR;
				GCC_WARN_UNDECLARED_SELECTOR = YES;
				GCC_WARN_UNINITIALIZED_AUTOS = YES_AGGRESSIVE;
				GCC_WARN_UNUSED_FUNCTION = YES;
				GCC_WARN_UNUSED_VARIABLE = YES;
				IPHONEOS_DEPLOYMENT_TARGET = 13.5;
				MTL_ENABLE_DEBUG_INFO = NO;
				MTL_FAST_MATH = YES;
				SDKROOT = iphoneos;
				SWIFT_COMPILATION_MODE = wholemodule;
				SWIFT_OPTIMIZATION_LEVEL = "-O";
				VALIDATE_PRODUCT = YES;
			};
			name = Release;
		};
		EDE5EE9224C4DC3600CC71CA /* Debug */ = {
			isa = XCBuildConfiguration;
			buildSettings = {
				ASSETCATALOG_COMPILER_APPICON_NAME = AppIcon;
				CODE_SIGN_STYLE = Automatic;
				DEVELOPMENT_ASSET_PATHS = "\"MapDirectionsGooglePlaces/Preview Content\"";
				ENABLE_PREVIEWS = YES;
				INFOPLIST_FILE = MapDirectionsGooglePlaces/Info.plist;
				LD_RUNPATH_SEARCH_PATHS = (
					"$(inherited)",
					"@executable_path/Frameworks",
				);
				PRODUCT_BUNDLE_IDENTIFIER = Mohsen.MapDirectionsGooglePlaces;
				PRODUCT_NAME = "$(TARGET_NAME)";
				SWIFT_VERSION = 5.0;
				TARGETED_DEVICE_FAMILY = "1,2";
			};
			name = Debug;
		};
		EDE5EE9324C4DC3600CC71CA /* Release */ = {
			isa = XCBuildConfiguration;
			buildSettings = {
				ASSETCATALOG_COMPILER_APPICON_NAME = AppIcon;
				CODE_SIGN_STYLE = Automatic;
				DEVELOPMENT_ASSET_PATHS = "\"MapDirectionsGooglePlaces/Preview Content\"";
				ENABLE_PREVIEWS = YES;
				INFOPLIST_FILE = MapDirectionsGooglePlaces/Info.plist;
				LD_RUNPATH_SEARCH_PATHS = (
					"$(inherited)",
					"@executable_path/Frameworks",
				);
				PRODUCT_BUNDLE_IDENTIFIER = Mohsen.MapDirectionsGooglePlaces;
				PRODUCT_NAME = "$(TARGET_NAME)";
				SWIFT_VERSION = 5.0;
				TARGETED_DEVICE_FAMILY = "1,2";
			};
			name = Release;
		};
/* End XCBuildConfiguration section */

/* Begin XCConfigurationList section */
		EDE5EE7824C4DC3500CC71CA /* Build configuration list for PBXProject "MapDirectionsGooglePlaces" */ = {
			isa = XCConfigurationList;
			buildConfigurations = (
				EDE5EE8F24C4DC3600CC71CA /* Debug */,
				EDE5EE9024C4DC3600CC71CA /* Release */,
			);
			defaultConfigurationIsVisible = 0;
			defaultConfigurationName = Release;
		};
		EDE5EE9124C4DC3600CC71CA /* Build configuration list for PBXNativeTarget "MapDirectionsGooglePlaces" */ = {
			isa = XCConfigurationList;
			buildConfigurations = (
				EDE5EE9224C4DC3600CC71CA /* Debug */,
				EDE5EE9324C4DC3600CC71CA /* Release */,
			);
			defaultConfigurationIsVisible = 0;
			defaultConfigurationName = Release;
		};
/* End XCConfigurationList section */
	};
	rootObject = EDE5EE7524C4DC3500CC71CA /* Project object */;
}
